
Microsoft Visual Studio Solution File, Format Version 12.00
# Visual Studio 15
VisualStudioVersion = 15.0.28307.271
MinimumVisualStudioVersion = 10.0.40219.1
Project("{FAE04EC0-301F-11D3-BF4B-00C04F79EFBC}") = "3Tier.Lib", "3Tier.Lib\3Tier.Lib.csproj", "{780B96DA-0FAF-4510-8962-AA973BBE558B}"
EndProject
Project("{FAE04EC0-301F-11D3-BF4B-00C04F79EFBC}") = "3Tier.Server", "3Tier.Server\3Tier.Server.csproj", "{B61F7E01-9C05-4F83-9D2F-C048EAA4C224}"
EndProject
Project("{FAE04EC0-301F-11D3-BF4B-00C04F79EFBC}") = "3Tier.Client", "3Tier.Client\3Tier.Client.csproj", "{258D6835-543E-44E3-9BE6-61BB56934C1E}"
EndProject
Global
	GlobalSection(SolutionConfigurationPlatforms) = preSolution
		Debug|Any CPU = Debug|Any CPU
		Release|Any CPU = Release|Any CPU
	EndGlobalSection
	GlobalSection(ProjectConfigurationPlatforms) = postSolution
		{780B96DA-0FAF-4510-8962-AA973BBE558B}.Debug|Any CPU.ActiveCfg = Debug|Any CPU
		{780B96DA-0FAF-4510-8962-AA973BBE558B}.Debug|Any CPU.Build.0 = Debug|Any CPU
		{780B96DA-0FAF-4510-8962-AA973BBE558B}.Release|Any CPU.ActiveCfg = Release|Any CPU
		{780B96DA-0FAF-4510-8962-AA973BBE558B}.Release|Any CPU.Build.0 = Release|Any CPU
		{B61F7E01-9C05-4F83-9D2F-C048EAA4C224}.Debug|Any CPU.ActiveCfg = Debug|Any CPU
		{B61F7E01-9C05-4F83-9D2F-C048EAA4C224}.Debug|Any CPU.Build.0 = Debug|Any CPU
		{B61F7E01-9C05-4F83-9D2F-C048EAA4C224}.Release|Any CPU.ActiveCfg = Release|Any CPU
		{B61F7E01-9C05-4F83-9D2F-C048EAA4C224}.Release|Any CPU.Build.0 = Release|Any CPU
		{258D6835-543E-44E3-9BE6-61BB56934C1E}.Debug|Any CPU.ActiveCfg = Debug|Any CPU
		{258D6835-543E-44E3-9BE6-61BB56934C1E}.Debug|Any CPU.Build.0 = Debug|Any CPU
		{258D6835-543E-44E3-9BE6-61BB56934C1E}.Release|Any CPU.ActiveCfg = Release|Any CPU
		{258D6835-543E-44E3-9BE6-61BB56934C1E}.Release|Any CPU.Build.0 = Release|Any CPU
	EndGlobalSection
	GlobalSection(SolutionProperties) = preSolution
		HideSolutionNode = FALSE
	EndGlobalSection
	GlobalSection(ExtensibilityGlobals) = postSolution
		SolutionGuid = {E8ED6A4D-9133-4A4D-A673-ACF7C03E5261}
	EndGlobalSection
EndGlobal
